// !$*UTF8*$!
{
	archiveVersion = 1;
	classes = {
	};
	objectVersion = 46;
	objects = {

/* Begin PBXBuildFile section */
		84454E3D13F719E4003CC54F /* UIKit.framework in Frameworks */ = {isa = PBXBuildFile; fileRef = 84454E3C13F719E4003CC54F /* UIKit.framework */; };
		84454E3F13F719E4003CC54F /* Foundation.framework in Frameworks */ = {isa = PBXBuildFile; fileRef = 84454E3E13F719E4003CC54F /* Foundation.framework */; };
		84454E4113F719E4003CC54F /* CoreGraphics.framework in Frameworks */ = {isa = PBXBuildFile; fileRef = 84454E4013F719E4003CC54F /* CoreGraphics.framework */; };
		84454E4713F719E4003CC54F /* InfoPlist.strings in Resources */ = {isa = PBXBuildFile; fileRef = 84454E4513F719E4003CC54F /* InfoPlist.strings */; };
		84454E4913F719E4003CC54F /* main.m in Sources */ = {isa = PBXBuildFile; fileRef = 84454E4813F719E4003CC54F /* main.m */; };
		84454E4D13F719E4003CC54F /* HelloAppDelegate.m in Sources */ = {isa = PBXBuildFile; fileRef = 84454E4C13F719E4003CC54F /* HelloAppDelegate.m */; };
		84454E5013F719E4003CC54F /* MainWindow.xib in Resources */ = {isa = PBXBuildFile; fileRef = 84454E4E13F719E4003CC54F /* MainWindow.xib */; };
		84454E5313F719E4003CC54F /* HelloViewController.m in Sources */ = {isa = PBXBuildFile; fileRef = 84454E5213F719E4003CC54F /* HelloViewController.m */; };
		84454E5613F719E4003CC54F /* HelloViewController.xib in Resources */ = {isa = PBXBuildFile; fileRef = 84454E5413F719E4003CC54F /* HelloViewController.xib */; };
		84454E5E13F719E5003CC54F /* SenTestingKit.framework in Frameworks */ = {isa = PBXBuildFile; fileRef = 84454E5D13F719E5003CC54F /* SenTestingKit.framework */; };
		84454E5F13F719E5003CC54F /* UIKit.framework in Frameworks */ = {isa = PBXBuildFile; fileRef = 84454E3C13F719E4003CC54F /* UIKit.framework */; };
		84454E6013F719E5003CC54F /* Foundation.framework in Frameworks */ = {isa = PBXBuildFile; fileRef = 84454E3E13F719E4003CC54F /* Foundation.framework */; };
		84454E6113F719E5003CC54F /* CoreGraphics.framework in Frameworks */ = {isa = PBXBuildFile; fileRef = 84454E4013F719E4003CC54F /* CoreGraphics.framework */; };
		84454E6913F719E5003CC54F /* InfoPlist.strings in Resources */ = {isa = PBXBuildFile; fileRef = 84454E6713F719E5003CC54F /* InfoPlist.strings */; };
		84454E6B13F719E5003CC54F /* HelloTests.h in Resources */ = {isa = PBXBuildFile; fileRef = 84454E6A13F719E5003CC54F /* HelloTests.h */; };
		84454E6D13F719E5003CC54F /* HelloTests.m in Sources */ = {isa = PBXBuildFile; fileRef = 84454E6C13F719E5003CC54F /* HelloTests.m */; };
/* End PBXBuildFile section */

/* Begin PBXContainerItemProxy section */
		84454E6213F719E5003CC54F /* PBXContainerItemProxy */ = {
			isa = PBXContainerItemProxy;
			containerPortal = 84454E2F13F719E4003CC54F /* Project object */;
			proxyType = 1;
			remoteGlobalIDString = 84454E3713F719E4003CC54F;
			remoteInfo = Hello;
		};
/* End PBXContainerItemProxy section */

/* Begin PBXFileReference section */
		84454E3813F719E4003CC54F /* Hello.app */ = {isa = PBXFileReference; explicitFileType = wrapper.application; includeInIndex = 0; path = Hello.app; sourceTree = BUILT_PRODUCTS_DIR; };
		84454E3C13F719E4003CC54F /* UIKit.framework */ = {isa = PBXFileReference; lastKnownFileType = wrapper.framework; name = UIKit.framework; path = System/Library/Frameworks/UIKit.framework; sourceTree = SDKROOT; };
		84454E3E13F719E4003CC54F /* Foundation.framework */ = {isa = PBXFileReference; lastKnownFileType = wrapper.framework; name = Foundation.framework; path = System/Library/Frameworks/Foundation.framework; sourceTree = SDKROOT; };
		84454E4013F719E4003CC54F /* CoreGraphics.framework */ = {isa = PBXFileReference; lastKnownFileType = wrapper.framework; name = CoreGraphics.framework; path = System/Library/Frameworks/CoreGraphics.framework; sourceTree = SDKROOT; };
		84454E4413F719E4003CC54F /* Hello-Info.plist */ = {isa = PBXFileReference; lastKnownFileType = text.plist.xml; path = "Hello-Info.plist"; sourceTree = "<group>"; };
		84454E4613F719E4003CC54F /* en */ = {isa = PBXFileReference; lastKnownFileType = text.plist.strings; name = en; path = en.lproj/InfoPlist.strings; sourceTree = "<group>"; };
		84454E4813F719E4003CC54F /* main.m */ = {isa = PBXFileReference; lastKnownFileType = sourcecode.c.objc; path = main.m; sourceTree = "<group>"; };
		84454E4A13F719E4003CC54F /* Hello-Prefix.pch */ = {isa = PBXFileReference; lastKnownFileType = sourcecode.c.h; path = "Hello-Prefix.pch"; sourceTree = "<group>"; };
		84454E4B13F719E4003CC54F /* HelloAppDelegate.h */ = {isa = PBXFileReference; lastKnownFileType = sourcecode.c.h; path = HelloAppDelegate.h; sourceTree = "<group>"; };
		84454E4C13F719E4003CC54F /* HelloAppDelegate.m */ = {isa = PBXFileReference; lastKnownFileType = sourcecode.c.objc; path = HelloAppDelegate.m; sourceTree = "<group>"; };
		84454E4F13F719E4003CC54F /* en */ = {isa = PBXFileReference; lastKnownFileType = file.xib; name = en; path = en.lproj/MainWindow.xib; sourceTree = "<group>"; };
		84454E5113F719E4003CC54F /* HelloViewController.h */ = {isa = PBXFileReference; lastKnownFileType = sourcecode.c.h; path = HelloViewController.h; sourceTree = "<group>"; };
		84454E5213F719E4003CC54F /* HelloViewController.m */ = {isa = PBXFileReference; lastKnownFileType = sourcecode.c.objc; path = HelloViewController.m; sourceTree = "<group>"; };
		84454E5513F719E4003CC54F /* en */ = {isa = PBXFileReference; lastKnownFileType = file.xib; name = en; path = en.lproj/HelloViewController.xib; sourceTree = "<group>"; };
		84454E5C13F719E4003CC54F /* HelloTests.octest */ = {isa = PBXFileReference; explicitFileType = wrapper.cfbundle; includeInIndex = 0; path = HelloTests.octest; sourceTree = BUILT_PRODUCTS_DIR; };
		84454E5D13F719E5003CC54F /* SenTestingKit.framework */ = {isa = PBXFileReference; lastKnownFileType = wrapper.framework; name = SenTestingKit.framework; path = Library/Frameworks/SenTestingKit.framework; sourceTree = DEVELOPER_DIR; };
		84454E6613F719E5003CC54F /* HelloTests-Info.plist */ = {isa = PBXFileReference; lastKnownFileType = text.plist.xml; path = "HelloTests-Info.plist"; sourceTree = "<group>"; };
		84454E6813F719E5003CC54F /* en */ = {isa = PBXFileReference; lastKnownFileType = text.plist.strings; name = en; path = en.lproj/InfoPlist.strings; sourceTree = "<group>"; };
		84454E6A13F719E5003CC54F /* HelloTests.h */ = {isa = PBXFileReference; lastKnownFileType = sourcecode.c.h; path = HelloTests.h; sourceTree = "<group>"; };
		84454E6C13F719E5003CC54F /* HelloTests.m */ = {isa = PBXFileReference; lastKnownFileType = sourcecode.c.objc; path = HelloTests.m; sourceTree = "<group>"; };
/* End PBXFileReference section */

/* Begin PBXFrameworksBuildPhase section */
		84454E3513F719E4003CC54F /* Frameworks */ = {
			isa = PBXFrameworksBuildPhase;
			buildActionMask = 2147483647;
			files = (
				84454E3D13F719E4003CC54F /* UIKit.framework in Frameworks */,
				84454E3F13F719E4003CC54F /* Foundation.framework in Frameworks */,
				84454E4113F719E4003CC54F /* CoreGraphics.framework in Frameworks */,
			);
			runOnlyForDeploymentPostprocessing = 0;
		};
		84454E5813F719E4003CC54F /* Frameworks */ = {
			isa = PBXFrameworksBuildPhase;
			buildActionMask = 2147483647;
			files = (
				84454E5E13F719E5003CC54F /* SenTestingKit.framework in Frameworks */,
				84454E5F13F719E5003CC54F /* UIKit.framework in Frameworks */,
				84454E6013F719E5003CC54F /* Foundation.framework in Frameworks */,
				84454E6113F719E5003CC54F /* CoreGraphics.framework in Frameworks */,
			);
			runOnlyForDeploymentPostprocessing = 0;
		};
/* End PBXFrameworksBuildPhase section */

/* Begin PBXGroup section */
		84454E2D13F719E4003CC54F = {
			isa = PBXGroup;
			children = (
				84454E4213F719E4003CC54F /* Hello */,
				84454E6413F719E5003CC54F /* HelloTests */,
				84454E3B13F719E4003CC54F /* Frameworks */,
				84454E3913F719E4003CC54F /* Products */,
			);
			sourceTree = "<group>";
		};
		84454E3913F719E4003CC54F /* Products */ = {
			isa = PBXGroup;
			children = (
				84454E3813F719E4003CC54F /* Hello.app */,
				84454E5C13F719E4003CC54F /* HelloTests.octest */,
			);
			name = Products;
			sourceTree = "<group>";
		};
		84454E3B13F719E4003CC54F /* Frameworks */ = {
			isa = PBXGroup;
			children = (
				84454E3C13F719E4003CC54F /* UIKit.framework */,
				84454E3E13F719E4003CC54F /* Foundation.framework */,
				84454E4013F719E4003CC54F /* CoreGraphics.framework */,
				84454E5D13F719E5003CC54F /* SenTestingKit.framework */,
			);
			name = Frameworks;
			sourceTree = "<group>";
		};
		84454E4213F719E4003CC54F /* Hello */ = {
			isa = PBXGroup;
			children = (
				84454E4B13F719E4003CC54F /* HelloAppDelegate.h */,
				84454E4C13F719E4003CC54F /* HelloAppDelegate.m */,
				84454E4E13F719E4003CC54F /* MainWindow.xib */,
				84454E5113F719E4003CC54F /* HelloViewController.h */,
				84454E5213F719E4003CC54F /* HelloViewController.m */,
				84454E5413F719E4003CC54F /* HelloViewController.xib */,
				84454E4313F719E4003CC54F /* Supporting Files */,
			);
			path = Hello;
			sourceTree = "<group>";
		};
		84454E4313F719E4003CC54F /* Supporting Files */ = {
			isa = PBXGroup;
			children = (
				84454E4413F719E4003CC54F /* Hello-Info.plist */,
				84454E4513F719E4003CC54F /* InfoPlist.strings */,
				84454E4813F719E4003CC54F /* main.m */,
				84454E4A13F719E4003CC54F /* Hello-Prefix.pch */,
			);
			name = "Supporting Files";
			sourceTree = "<group>";
		};
		84454E6413F719E5003CC54F /* HelloTests */ = {
			isa = PBXGroup;
			children = (
				84454E6A13F719E5003CC54F /* HelloTests.h */,
				84454E6C13F719E5003CC54F /* HelloTests.m */,
				84454E6513F719E5003CC54F /* Supporting Files */,
			);
			path = HelloTests;
			sourceTree = "<group>";
		};
		84454E6513F719E5003CC54F /* Supporting Files */ = {
			isa = PBXGroup;
			children = (
				84454E6613F719E5003CC54F /* HelloTests-Info.plist */,
				84454E6713F719E5003CC54F /* InfoPlist.strings */,
			);
			name = "Supporting Files";
			sourceTree = "<group>";
		};
/* End PBXGroup section */

/* Begin PBXNativeTarget section */
		84454E3713F719E4003CC54F /* Hello */ = {
			isa = PBXNativeTarget;
			buildConfigurationList = 84454E7013F719E5003CC54F /* Build configuration list for PBXNativeTarget "Hello" */;
			buildPhases = (
				84454E3413F719E4003CC54F /* Sources */,
				84454E3513F719E4003CC54F /* Frameworks */,
				84454E3613F719E4003CC54F /* Resources */,
			);
			buildRules = (
			);
			dependencies = (
			);
			name = Hello;
			productName = Hello;
			productReference = 84454E3813F719E4003CC54F /* Hello.app */;
			productType = "com.apple.product-type.application";
		};
		84454E5B13F719E4003CC54F /* HelloTests */ = {
			isa = PBXNativeTarget;
			buildConfigurationList = 84454E7313F719E5003CC54F /* Build configuration list for PBXNativeTarget "HelloTests" */;
			buildPhases = (
				84454E5713F719E4003CC54F /* Sources */,
				84454E5813F719E4003CC54F /* Frameworks */,
				84454E5913F719E4003CC54F /* Resources */,
				84454E5A13F719E4003CC54F /* ShellScript */,
			);
			buildRules = (
			);
			dependencies = (
				84454E6313F719E5003CC54F /* PBXTargetDependency */,
			);
			name = HelloTests;
			productName = HelloTests;
			productReference = 84454E5C13F719E4003CC54F /* HelloTests.octest */;
			productType = "com.apple.product-type.bundle";
		};
/* End PBXNativeTarget section */

/* Begin PBXProject section */
		84454E2F13F719E4003CC54F /* Project object */ = {
			isa = PBXProject;
			buildConfigurationList = 84454E3213F719E4003CC54F /* Build configuration list for PBXProject "Hello" */;
			compatibilityVersion = "Xcode 3.2";
			developmentRegion = English;
			hasScannedForEncodings = 0;
			knownRegions = (
				en,
			);
			mainGroup = 84454E2D13F719E4003CC54F;
			productRefGroup = 84454E3913F719E4003CC54F /* Products */;
			projectDirPath = "";
			projectRoot = "";
			targets = (
				84454E3713F719E4003CC54F /* Hello */,
				84454E5B13F719E4003CC54F /* HelloTests */,
			);
		};
/* End PBXProject section */

/* Begin PBXResourcesBuildPhase section */
		84454E3613F719E4003CC54F /* Resources */ = {
			isa = PBXResourcesBuildPhase;
			buildActionMask = 2147483647;
			files = (
				84454E4713F719E4003CC54F /* InfoPlist.strings in Resources */,
				84454E5013F719E4003CC54F /* MainWindow.xib in Resources */,
				84454E5613F719E4003CC54F /* HelloViewController.xib in Resources */,
			);
			runOnlyForDeploymentPostprocessing = 0;
		};
		84454E5913F719E4003CC54F /* Resources */ = {
			isa = PBXResourcesBuildPhase;
			buildActionMask = 2147483647;
			files = (
				84454E6913F719E5003CC54F /* InfoPlist.strings in Resources */,
				84454E6B13F719E5003CC54F /* HelloTests.h in Resources */,
			);
			runOnlyForDeploymentPostprocessing = 0;
		};
/* End PBXResourcesBuildPhase section */

/* Begin PBXShellScriptBuildPhase section */
		84454E5A13F719E4003CC54F /* ShellScript */ = {
			isa = PBXShellScriptBuildPhase;
			buildActionMask = 2147483647;
			files = (
			);
			inputPaths = (
			);
			outputPaths = (
			);
			runOnlyForDeploymentPostprocessing = 0;
			shellPath = /bin/sh;
			shellScript = "# Run the unit tests in this test bundle.\n\"${SYSTEM_DEVELOPER_DIR}/Tools/RunUnitTests\"\n";
		};
/* End PBXShellScriptBuildPhase section */

/* Begin PBXSourcesBuildPhase section */
		84454E3413F719E4003CC54F /* Sources */ = {
			isa = PBXSourcesBuildPhase;
			buildActionMask = 2147483647;
			files = (
				84454E4913F719E4003CC54F /* main.m in Sources */,
				84454E4D13F719E4003CC54F /* HelloAppDelegate.m in Sources */,
				84454E5313F719E4003CC54F /* HelloViewController.m in Sources */,
			);
			runOnlyForDeploymentPostprocessing = 0;
		};
		84454E5713F719E4003CC54F /* Sources */ = {
			isa = PBXSourcesBuildPhase;
			buildActionMask = 2147483647;
			files = (
				84454E6D13F719E5003CC54F /* HelloTests.m in Sources */,
			);
			runOnlyForDeploymentPostprocessing = 0;
		};
/* End PBXSourcesBuildPhase section */

/* Begin PBXTargetDependency section */
		84454E6313F719E5003CC54F /* PBXTargetDependency */ = {
			isa = PBXTargetDependency;
			target = 84454E3713F719E4003CC54F /* Hello */;
			targetProxy = 84454E6213F719E5003CC54F /* PBXContainerItemProxy */;
		};
/* End PBXTargetDependency section */

/* Begin PBXVariantGroup section */
		84454E4513F719E4003CC54F /* InfoPlist.strings */ = {
			isa = PBXVariantGroup;
			children = (
				84454E4613F719E4003CC54F /* en */,
			);
			name = InfoPlist.strings;
			sourceTree = "<group>";
		};
		84454E4E13F719E4003CC54F /* MainWindow.xib */ = {
			isa = PBXVariantGroup;
			children = (
				84454E4F13F719E4003CC54F /* en */,
			);
			name = MainWindow.xib;
			sourceTree = "<group>";
		};
		84454E5413F719E4003CC54F /* HelloViewController.xib */ = {
			isa = PBXVariantGroup;
			children = (
				84454E5513F719E4003CC54F /* en */,
			);
			name = HelloViewController.xib;
			sourceTree = "<group>";
		};
		84454E6713F719E5003CC54F /* InfoPlist.strings */ = {
			isa = PBXVariantGroup;
			children = (
				84454E6813F719E5003CC54F /* en */,
			);
			name = InfoPlist.strings;
			sourceTree = "<group>";
		};
/* End PBXVariantGroup section */

/* Begin XCBuildConfiguration section */
		84454E6E13F719E5003CC54F /* Debug */ = {
			isa = XCBuildConfiguration;
			buildSettings = {
				ALWAYS_SEARCH_USER_PATHS = NO;
				ARCHS = "$(ARCHS_STANDARD_32_BIT)";
				"CODE_SIGN_IDENTITY[sdk=iphoneos*]" = "iPhone Developer";
				COPY_PHASE_STRIP = NO;
				GCC_C_LANGUAGE_STANDARD = gnu99;
				GCC_DYNAMIC_NO_PIC = NO;
				GCC_OPTIMIZATION_LEVEL = 0;
				GCC_PREPROCESSOR_DEFINITIONS = (
					"DEBUG=1",
					"$(inherited)",
				);
				GCC_SYMBOLS_PRIVATE_EXTERN = NO;
				GCC_VERSION = com.apple.compilers.llvmgcc42;
				GCC_WARN_ABOUT_MISSING_PROTOTYPES = YES;
				GCC_WARN_ABOUT_RETURN_TYPE = YES;
				GCC_WARN_UNUSED_VARIABLE = YES;
				IPHONEOS_DEPLOYMENT_TARGET = 4.3;
				SDKROOT = iphoneos;
			};
			name = Debug;
		};
		84454E6F13F719E5003CC54F /* Release */ = {
			isa = XCBuildConfiguration;
			buildSettings = {
				ALWAYS_SEARCH_USER_PATHS = NO;
				ARCHS = "$(ARCHS_STANDARD_32_BIT)";
				"CODE_SIGN_IDENTITY[sdk=iphoneos*]" = "iPhone Developer";
				COPY_PHASE_STRIP = YES;
				GCC_C_LANGUAGE_STANDARD = gnu99;
				GCC_VERSION = com.apple.compilers.llvmgcc42;
				GCC_WARN_ABOUT_MISSING_PROTOTYPES = YES;
				GCC_WARN_ABOUT_RETURN_TYPE = YES;
				GCC_WARN_UNUSED_VARIABLE = YES;
				IPHONEOS_DEPLOYMENT_TARGET = 4.3;
				OTHER_CFLAGS = "-DNS_BLOCK_ASSERTIONS=1";
				SDKROOT = iphoneos;
				VALIDATE_PRODUCT = YES;
			};
			name = Release;
		};
		84454E7113F719E5003CC54F /* Debug */ = {
			isa = XCBuildConfiguration;
			buildSettings = {
				GCC_PRECOMPILE_PREFIX_HEADER = YES;
				GCC_PREFIX_HEADER = "Hello/Hello-Prefix.pch";
				INFOPLIST_FILE = "Hello/Hello-Info.plist";
				PRODUCT_NAME = "$(TARGET_NAME)";
				WRAPPER_EXTENSION = app;
			};
			name = Debug;
		};
		84454E7213F719E5003CC54F /* Release */ = {
			isa = XCBuildConfiguration;
			buildSettings = {
				GCC_PRECOMPILE_PREFIX_HEADER = YES;
				GCC_PREFIX_HEADER = "Hello/Hello-Prefix.pch";
				INFOPLIST_FILE = "Hello/Hello-Info.plist";
				PRODUCT_NAME = "$(TARGET_NAME)";
				WRAPPER_EXTENSION = app;
			};
			name = Release;
		};
		84454E7413F719E5003CC54F /* Debug */ = {
			isa = XCBuildConfiguration;
			buildSettings = {
				BUNDLE_LOADER = "$(BUILT_PRODUCTS_DIR)/Hello.app/Hello";
				FRAMEWORK_SEARCH_PATHS = (
					"$(SDKROOT)/Developer/Library/Frameworks",
					"$(DEVELOPER_LIBRARY_DIR)/Frameworks",
				);
				GCC_PRECOMPILE_PREFIX_HEADER = YES;
				GCC_PREFIX_HEADER = "Hello/Hello-Prefix.pch";
				INFOPLIST_FILE = "HelloTests/HelloTests-Info.plist";
				PRODUCT_NAME = "$(TARGET_NAME)";
				TEST_HOST = "$(BUNDLE_LOADER)";
				WRAPPER_EXTENSION = octest;
			};
			name = Debug;
		};
		84454E7513F719E5003CC54F /* Release */ = {
			isa = XCBuildConfiguration;
			buildSettings = {
				BUNDLE_LOADER = "$(BUILT_PRODUCTS_DIR)/Hello.app/Hello";
				FRAMEWORK_SEARCH_PATHS = (
					"$(SDKROOT)/Developer/Library/Frameworks",
					"$(DEVELOPER_LIBRARY_DIR)/Frameworks",
				);
				GCC_PRECOMPILE_PREFIX_HEADER = YES;
				GCC_PREFIX_HEADER = "Hello/Hello-Prefix.pch";
				INFOPLIST_FILE = "HelloTests/HelloTests-Info.plist";
				PRODUCT_NAME = "$(TARGET_NAME)";
				TEST_HOST = "$(BUNDLE_LOADER)";
				WRAPPER_EXTENSION = octest;
			};
			name = Release;
		};
/* End XCBuildConfiguration section */

/* Begin XCConfigurationList section */
		84454E3213F719E4003CC54F /* Build configuration list for PBXProject "Hello" */ = {
			isa = XCConfigurationList;
			buildConfigurations = (
				84454E6E13F719E5003CC54F /* Debug */,
				84454E6F13F719E5003CC54F /* Release */,
			);
			defaultConfigurationIsVisible = 0;
			defaultConfigurationName = Release;
		};
		84454E7013F719E5003CC54F /* Build configuration list for PBXNativeTarget "Hello" */ = {
			isa = XCConfigurationList;
			buildConfigurations = (
				84454E7113F719E5003CC54F /* Debug */,
				84454E7213F719E5003CC54F /* Release */,
			);
			defaultConfigurationIsVisible = 0;
		};
		84454E7313F719E5003CC54F /* Build configuration list for PBXNativeTarget "HelloTests" */ = {
			isa = XCConfigurationList;
			buildConfigurations = (
				84454E7413F719E5003CC54F /* Debug */,
				84454E7513F719E5003CC54F /* Release */,
			);
			defaultConfigurationIsVisible = 0;
		};
/* End XCConfigurationList section */
	};
	rootObject = 84454E2F13F719E4003CC54F /* Project object */;
}
